
Microsoft Visual Studio Solution File, Format Version 12.00
# Visual Studio 15
VisualStudioVersion = 15.0.26228.4
MinimumVisualStudioVersion = 10.0.40219.1
Project("{FAE04EC0-301F-11D3-BF4B-00C04F79EFBC}") = "BinanceClient", "BinanceClient\BinanceClient.csproj", "{EC2A020E-338A-46EE-9D08-C158CBD49C92}"
EndProject
Project("{FAE04EC0-301F-11D3-BF4B-00C04F79EFBC}") = "BinanceClient.Models", "BinanceClient.Models\BinanceClient.Models.csproj", "{7CF40EB8-D81D-40B5-B849-17E5662175D6}"
EndProject
Project("{FAE04EC0-301F-11D3-BF4B-00C04F79EFBC}") = "BinanceClient.Domain", "BinanceClient.Domain\BinanceClient.Domain.csproj", "{E255F763-A2FE-43A8-9331-019796C935C7}"
EndProject
Project("{FAE04EC0-301F-11D3-BF4B-00C04F79EFBC}") = "DemoConsole", "DemoConsole\DemoConsole.csproj", "{A4A96EF5-E426-4250-926C-9401D08176C6}"
EndProject
Global
	GlobalSection(SolutionConfigurationPlatforms) = preSolution
		Debug|Any CPU = Debug|Any CPU
		Release|Any CPU = Release|Any CPU
	EndGlobalSection
	GlobalSection(ProjectConfigurationPlatforms) = postSolution
		{EC2A020E-338A-46EE-9D08-C158CBD49C92}.Debug|Any CPU.ActiveCfg = Debug|Any CPU
		{EC2A020E-338A-46EE-9D08-C158CBD49C92}.Debug|Any CPU.Build.0 = Debug|Any CPU
		{EC2A020E-338A-46EE-9D08-C158CBD49C92}.Release|Any CPU.ActiveCfg = Release|Any CPU
		{EC2A020E-338A-46EE-9D08-C158CBD49C92}.Release|Any CPU.Build.0 = Release|Any CPU
		{7CF40EB8-D81D-40B5-B849-17E5662175D6}.Debug|Any CPU.ActiveCfg = Debug|Any CPU
		{7CF40EB8-D81D-40B5-B849-17E5662175D6}.Debug|Any CPU.Build.0 = Debug|Any CPU
		{7CF40EB8-D81D-40B5-B849-17E5662175D6}.Release|Any CPU.ActiveCfg = Release|Any CPU
		{7CF40EB8-D81D-40B5-B849-17E5662175D6}.Release|Any CPU.Build.0 = Release|Any CPU
		{E255F763-A2FE-43A8-9331-019796C935C7}.Debug|Any CPU.ActiveCfg = Debug|Any CPU
		{E255F763-A2FE-43A8-9331-019796C935C7}.Debug|Any CPU.Build.0 = Debug|Any CPU
		{E255F763-A2FE-43A8-9331-019796C935C7}.Release|Any CPU.ActiveCfg = Release|Any CPU
		{E255F763-A2FE-43A8-9331-019796C935C7}.Release|Any CPU.Build.0 = Release|Any CPU
		{A4A96EF5-E426-4250-926C-9401D08176C6}.Debug|Any CPU.ActiveCfg = Debug|Any CPU
		{A4A96EF5-E426-4250-926C-9401D08176C6}.Debug|Any CPU.Build.0 = Debug|Any CPU
		{A4A96EF5-E426-4250-926C-9401D08176C6}.Release|Any CPU.ActiveCfg = Release|Any CPU
		{A4A96EF5-E426-4250-926C-9401D08176C6}.Release|Any CPU.Build.0 = Release|Any CPU
	EndGlobalSection
	GlobalSection(SolutionProperties) = preSolution
		HideSolutionNode = FALSE
	EndGlobalSection
	GlobalSection(ExtensibilityGlobals) = postSolution
		SolutionGuid = {367629CF-3172-4F6C-8F29-14E792BF314E}
	EndGlobalSection
EndGlobal
